
Microsoft Visual Studio Solution File, Format Version 10.00
# Visual Studio 2008
Project("{8BC9CEB8-8B4A-11D0-8D11-00A0C91BC942}") = "YingKe", "YingKe.vcproj", "{19AA73A2-5FF3-48BE-954F-1913DCDC75EA}"
EndProject
Global
	GlobalSection(SolutionConfigurationPlatforms) = preSolution
		Debug|Win32 = Debug|Win32
		Release|Win32 = Release|Win32
	EndGlobalSection
	GlobalSection(ProjectConfigurationPlatforms) = postSolution
		{19AA73A2-5FF3-48BE-954F-1913DCDC75EA}.Debug|Win32.ActiveCfg = Debug|Win32
		{19AA73A2-5FF3-48BE-954F-1913DCDC75EA}.Debug|Win32.Build.0 = Debug|Win32
		{19AA73A2-5FF3-48BE-954F-1913DCDC75EA}.Release|Win32.ActiveCfg = Release|Win32
		{19AA73A2-5FF3-48BE-954F-1913DCDC75EA}.Release|Win32.Build.0 = Release|Win32
	EndGlobalSection
	GlobalSection(SolutionProperties) = preSolution
		HideSolutionNode = FALSE
	EndGlobalSection
EndGlobal
