
Microsoft Visual Studio Solution File, Format Version 10.00
# Visual Studio 2008
Project("{8BC9CEB8-8B4A-11D0-8D11-00A0C91BC942}") = "InterPointer", "InterPointer.vcproj", "{1577D8E7-6093-461C-91F8-B9CBB5EA13A8}"
EndProject
Global
	GlobalSection(SolutionConfigurationPlatforms) = preSolution
		Debug|Win32 = Debug|Win32
		Release|Win32 = Release|Win32
	EndGlobalSection
	GlobalSection(ProjectConfigurationPlatforms) = postSolution
		{1577D8E7-6093-461C-91F8-B9CBB5EA13A8}.Debug|Win32.ActiveCfg = Debug|Win32
		{1577D8E7-6093-461C-91F8-B9CBB5EA13A8}.Debug|Win32.Build.0 = Debug|Win32
		{1577D8E7-6093-461C-91F8-B9CBB5EA13A8}.Release|Win32.ActiveCfg = Release|Win32
		{1577D8E7-6093-461C-91F8-B9CBB5EA13A8}.Release|Win32.Build.0 = Release|Win32
	EndGlobalSection
	GlobalSection(SolutionProperties) = preSolution
		HideSolutionNode = FALSE
	EndGlobalSection
EndGlobal
