
Microsoft Visual Studio Solution File, Format Version 10.00
# Visual Studio 2008
Project("{8BC9CEB8-8B4A-11D0-8D11-00A0C91BC942}") = "CrossBridge", "CrossBridge.vcproj", "{E03A78B7-90EE-45AA-83A8-0469E2C50C92}"
EndProject
Global
	GlobalSection(SolutionConfigurationPlatforms) = preSolution
		Debug|Win32 = Debug|Win32
		Release|Win32 = Release|Win32
	EndGlobalSection
	GlobalSection(ProjectConfigurationPlatforms) = postSolution
		{E03A78B7-90EE-45AA-83A8-0469E2C50C92}.Debug|Win32.ActiveCfg = Debug|Win32
		{E03A78B7-90EE-45AA-83A8-0469E2C50C92}.Debug|Win32.Build.0 = Debug|Win32
		{E03A78B7-90EE-45AA-83A8-0469E2C50C92}.Release|Win32.ActiveCfg = Release|Win32
		{E03A78B7-90EE-45AA-83A8-0469E2C50C92}.Release|Win32.Build.0 = Release|Win32
	EndGlobalSection
	GlobalSection(SolutionProperties) = preSolution
		HideSolutionNode = FALSE
	EndGlobalSection
EndGlobal
